
Microsoft Visual Studio Solution File, Format Version 12.00
# Visual Studio Version 16
VisualStudioVersion = 16.0.33328.57
MinimumVisualStudioVersion = 10.0.40219.1
Project("{FAE04EC0-301F-11D3-BF4B-00C04F79EFBC}") = "Kakao1", "Kakao1\Kakao1.csproj", "{F9C7AB22-0A02-4235-A36B-CA564F749697}"
EndProject
Project("{2150E333-8FDC-42A3-9474-1A3956D46DE8}") = "Studio", "Studio", "{76F58FC1-328E-470A-A99E-E0A6E479D6E9}"
EndProject
Project("{2150E333-8FDC-42A3-9474-1A3956D46DE8}") = "Partial", "Partial", "{C70D4112-3463-4A72-ACE6-4183C5360FD3}"
EndProject
Project("{FAE04EC0-301F-11D3-BF4B-00C04F79EFBC}") = "Kakao1.Forms", "Kakao1.Forms\Kakao1.Forms.csproj", "{A5DAB54C-D8D0-49AB-BD7F-EB274D4BE81F}"
EndProject
Project("{2150E333-8FDC-42A3-9474-1A3956D46DE8}") = "Based", "Based", "{544433E5-1160-49FD-91B0-3E175FE06171}"
EndProject
Project("{FAE04EC0-301F-11D3-BF4B-00C04F79EFBC}") = "Kakao1.Core", "Kakao1.Core\Kakao1.Core.csproj", "{94E785CC-EE90-41B7-8478-561250E158A0}"
EndProject
Project("{FAE04EC0-301F-11D3-BF4B-00C04F79EFBC}") = "Kakao1.Login", "Kakao1.Login\Kakao1.Login.csproj", "{9A6D06B5-A5C5-48A2-BB58-358CB323F820}"
EndProject
Project("{FAE04EC0-301F-11D3-BF4B-00C04F79EFBC}") = "Kakao1.Main", "Kakao1.Main\Kakao1.Main.csproj", "{C7E8AA29-E7C8-48AB-8B01-03583DD1F79E}"
EndProject
Project("{FAE04EC0-301F-11D3-BF4B-00C04F79EFBC}") = "Kakao1.More", "Kakao1.More\Kakao1.More.csproj", "{DDBD74F6-5DEA-4280-8AC0-2A3E184C2DAB}"
EndProject
Project("{FAE04EC0-301F-11D3-BF4B-00C04F79EFBC}") = "Kakao1.Friends", "Kakao1.Friends\Kakao1.Friends.csproj", "{8DBECD11-723A-432D-9547-E6C55E949F84}"
EndProject
Project("{FAE04EC0-301F-11D3-BF4B-00C04F79EFBC}") = "Kakao1.Chats", "Kakao1.Chats\Kakao1.Chats.csproj", "{AAF00678-F126-4BED-B898-83324FCC2890}"
EndProject
Global
	GlobalSection(SolutionConfigurationPlatforms) = preSolution
		Debug|Any CPU = Debug|Any CPU
		Release|Any CPU = Release|Any CPU
	EndGlobalSection
	GlobalSection(ProjectConfigurationPlatforms) = postSolution
		{F9C7AB22-0A02-4235-A36B-CA564F749697}.Debug|Any CPU.ActiveCfg = Debug|Any CPU
		{F9C7AB22-0A02-4235-A36B-CA564F749697}.Debug|Any CPU.Build.0 = Debug|Any CPU
		{F9C7AB22-0A02-4235-A36B-CA564F749697}.Release|Any CPU.ActiveCfg = Release|Any CPU
		{F9C7AB22-0A02-4235-A36B-CA564F749697}.Release|Any CPU.Build.0 = Release|Any CPU
		{A5DAB54C-D8D0-49AB-BD7F-EB274D4BE81F}.Debug|Any CPU.ActiveCfg = Debug|Any CPU
		{A5DAB54C-D8D0-49AB-BD7F-EB274D4BE81F}.Debug|Any CPU.Build.0 = Debug|Any CPU
		{A5DAB54C-D8D0-49AB-BD7F-EB274D4BE81F}.Release|Any CPU.ActiveCfg = Release|Any CPU
		{A5DAB54C-D8D0-49AB-BD7F-EB274D4BE81F}.Release|Any CPU.Build.0 = Release|Any CPU
		{94E785CC-EE90-41B7-8478-561250E158A0}.Debug|Any CPU.ActiveCfg = Debug|Any CPU
		{94E785CC-EE90-41B7-8478-561250E158A0}.Debug|Any CPU.Build.0 = Debug|Any CPU
		{94E785CC-EE90-41B7-8478-561250E158A0}.Release|Any CPU.ActiveCfg = Release|Any CPU
		{94E785CC-EE90-41B7-8478-561250E158A0}.Release|Any CPU.Build.0 = Release|Any CPU
		{9A6D06B5-A5C5-48A2-BB58-358CB323F820}.Debug|Any CPU.ActiveCfg = Debug|Any CPU
		{9A6D06B5-A5C5-48A2-BB58-358CB323F820}.Debug|Any CPU.Build.0 = Debug|Any CPU
		{9A6D06B5-A5C5-48A2-BB58-358CB323F820}.Release|Any CPU.ActiveCfg = Release|Any CPU
		{9A6D06B5-A5C5-48A2-BB58-358CB323F820}.Release|Any CPU.Build.0 = Release|Any CPU
		{C7E8AA29-E7C8-48AB-8B01-03583DD1F79E}.Debug|Any CPU.ActiveCfg = Debug|Any CPU
		{C7E8AA29-E7C8-48AB-8B01-03583DD1F79E}.Debug|Any CPU.Build.0 = Debug|Any CPU
		{C7E8AA29-E7C8-48AB-8B01-03583DD1F79E}.Release|Any CPU.ActiveCfg = Release|Any CPU
		{C7E8AA29-E7C8-48AB-8B01-03583DD1F79E}.Release|Any CPU.Build.0 = Release|Any CPU
		{DDBD74F6-5DEA-4280-8AC0-2A3E184C2DAB}.Debug|Any CPU.ActiveCfg = Debug|Any CPU
		{DDBD74F6-5DEA-4280-8AC0-2A3E184C2DAB}.Debug|Any CPU.Build.0 = Debug|Any CPU
		{DDBD74F6-5DEA-4280-8AC0-2A3E184C2DAB}.Release|Any CPU.ActiveCfg = Release|Any CPU
		{DDBD74F6-5DEA-4280-8AC0-2A3E184C2DAB}.Release|Any CPU.Build.0 = Release|Any CPU
		{8DBECD11-723A-432D-9547-E6C55E949F84}.Debug|Any CPU.ActiveCfg = Debug|Any CPU
		{8DBECD11-723A-432D-9547-E6C55E949F84}.Debug|Any CPU.Build.0 = Debug|Any CPU
		{8DBECD11-723A-432D-9547-E6C55E949F84}.Release|Any CPU.ActiveCfg = Release|Any CPU
		{8DBECD11-723A-432D-9547-E6C55E949F84}.Release|Any CPU.Build.0 = Release|Any CPU
		{AAF00678-F126-4BED-B898-83324FCC2890}.Debug|Any CPU.ActiveCfg = Debug|Any CPU
		{AAF00678-F126-4BED-B898-83324FCC2890}.Debug|Any CPU.Build.0 = Debug|Any CPU
		{AAF00678-F126-4BED-B898-83324FCC2890}.Release|Any CPU.ActiveCfg = Release|Any CPU
		{AAF00678-F126-4BED-B898-83324FCC2890}.Release|Any CPU.Build.0 = Release|Any CPU
	EndGlobalSection
	GlobalSection(SolutionProperties) = preSolution
		HideSolutionNode = FALSE
	EndGlobalSection
	GlobalSection(NestedProjects) = preSolution
		{F9C7AB22-0A02-4235-A36B-CA564F749697} = {76F58FC1-328E-470A-A99E-E0A6E479D6E9}
		{A5DAB54C-D8D0-49AB-BD7F-EB274D4BE81F} = {C70D4112-3463-4A72-ACE6-4183C5360FD3}
		{94E785CC-EE90-41B7-8478-561250E158A0} = {544433E5-1160-49FD-91B0-3E175FE06171}
		{9A6D06B5-A5C5-48A2-BB58-358CB323F820} = {C70D4112-3463-4A72-ACE6-4183C5360FD3}
		{C7E8AA29-E7C8-48AB-8B01-03583DD1F79E} = {C70D4112-3463-4A72-ACE6-4183C5360FD3}
		{DDBD74F6-5DEA-4280-8AC0-2A3E184C2DAB} = {C70D4112-3463-4A72-ACE6-4183C5360FD3}
		{8DBECD11-723A-432D-9547-E6C55E949F84} = {C70D4112-3463-4A72-ACE6-4183C5360FD3}
		{AAF00678-F126-4BED-B898-83324FCC2890} = {C70D4112-3463-4A72-ACE6-4183C5360FD3}
	EndGlobalSection
	GlobalSection(ExtensibilityGlobals) = postSolution
		SolutionGuid = {D1A0D02E-CADB-4344-BAFF-5F886C5F74F2}
	EndGlobalSection
EndGlobal
